// !$*UTF8*$!
{
	archiveVersion = 1;
	classes = {
	};
	objectVersion = 56;
	objects = {

/* Begin PBXBuildFile section */
		2C260ADB297BB6F000771809 /* ProductCellViewModel.swift in Sources */ = {isa = PBXBuildFile; fileRef = 2C260ADA297BB6F000771809 /* ProductCellViewModel.swift */; };
		2C260ADD297BB71300771809 /* Product.swift in Sources */ = {isa = PBXBuildFile; fileRef = 2C260ADC297BB71300771809 /* Product.swift */; };
		2C260AE0297BB73D00771809 /* HttpHelper.swift in Sources */ = {isa = PBXBuildFile; fileRef = 2C260ADF297BB73D00771809 /* HttpHelper.swift */; };
		2C260AE3297BB76C00771809 /* ProductsService.swift in Sources */ = {isa = PBXBuildFile; fileRef = 2C260AE2297BB76C00771809 /* ProductsService.swift */; };
		2C260AE5297BB79100771809 /* ProductViewModel.swift in Sources */ = {isa = PBXBuildFile; fileRef = 2C260AE4297BB79100771809 /* ProductViewModel.swift */; };
		2C260AE7297BB8D900771809 /* MockData.swift in Sources */ = {isa = PBXBuildFile; fileRef = 2C260AE6297BB8D900771809 /* MockData.swift */; };
		2C260AE9297BBA3D00771809 /* AppSettings.swift in Sources */ = {isa = PBXBuildFile; fileRef = 2C260AE8297BBA3D00771809 /* AppSettings.swift */; };
		2C260AEB297C0C3C00771809 /* GenericCollectionCell.swift in Sources */ = {isa = PBXBuildFile; fileRef = 2C260AEA297C0C3C00771809 /* GenericCollectionCell.swift */; };
		2C260AEE297C288D00771809 /* IconCollectionCell.swift in Sources */ = {isa = PBXBuildFile; fileRef = 2C260AED297C288D00771809 /* IconCollectionCell.swift */; };
		2C260AF1297C28F900771809 /* IconCollectionView.swift in Sources */ = {isa = PBXBuildFile; fileRef = 2C260AF0297C28F900771809 /* IconCollectionView.swift */; };
		2C260AF3297C292600771809 /* GenericCollectionView.swift in Sources */ = {isa = PBXBuildFile; fileRef = 2C260AF2297C292600771809 /* GenericCollectionView.swift */; };
		2C4E08DC2979797B002717B2 /* SnapKit in Frameworks */ = {isa = PBXBuildFile; productRef = 2C4E08DB2979797B002717B2 /* SnapKit */; };
		2C4E08DF29797BED002717B2 /* ReSwift in Frameworks */ = {isa = PBXBuildFile; productRef = 2C4E08DE29797BED002717B2 /* ReSwift */; };
		2C4E08E129797CBA002717B2 /* TabBarCoordinator.swift in Sources */ = {isa = PBXBuildFile; fileRef = 2C4E08E029797CBA002717B2 /* TabBarCoordinator.swift */; };
		2C4E08E329797CEA002717B2 /* AppCoordinator.swift in Sources */ = {isa = PBXBuildFile; fileRef = 2C4E08E229797CEA002717B2 /* AppCoordinator.swift */; };
		2C4E08E529797D06002717B2 /* Coordinator.swift in Sources */ = {isa = PBXBuildFile; fileRef = 2C4E08E429797D06002717B2 /* Coordinator.swift */; };
		2C4E08E729797D4E002717B2 /* UINavigationController.swift in Sources */ = {isa = PBXBuildFile; fileRef = 2C4E08E629797D4E002717B2 /* UINavigationController.swift */; };
		2C4E08E929797D74002717B2 /* Constants.swift in Sources */ = {isa = PBXBuildFile; fileRef = 2C4E08E829797D74002717B2 /* Constants.swift */; };
		2C4E08EB29797DFB002717B2 /* FeedViewController.swift in Sources */ = {isa = PBXBuildFile; fileRef = 2C4E08EA29797DFB002717B2 /* FeedViewController.swift */; };
		2C4E08ED29797E2D002717B2 /* CartViewController.swift in Sources */ = {isa = PBXBuildFile; fileRef = 2C4E08EC29797E2D002717B2 /* CartViewController.swift */; };
		2C4E08EF29797E57002717B2 /* SearchViewController.swift in Sources */ = {isa = PBXBuildFile; fileRef = 2C4E08EE29797E57002717B2 /* SearchViewController.swift */; };
		2C4E08F129797E91002717B2 /* NotificationsViewController.swift in Sources */ = {isa = PBXBuildFile; fileRef = 2C4E08F029797E91002717B2 /* NotificationsViewController.swift */; };
		2C4E08F329797EF9002717B2 /* ProfileViewController.swift in Sources */ = {isa = PBXBuildFile; fileRef = 2C4E08F229797EF9002717B2 /* ProfileViewController.swift */; };
		2C4E08F5297988EB002717B2 /* SignInViewController.swift in Sources */ = {isa = PBXBuildFile; fileRef = 2C4E08F4297988EB002717B2 /* SignInViewController.swift */; };
		2C4E08F729798915002717B2 /* LoginCoordinator.swift in Sources */ = {isa = PBXBuildFile; fileRef = 2C4E08F629798915002717B2 /* LoginCoordinator.swift */; };
		2C4E08F929798953002717B2 /* TabCoordinator.swift in Sources */ = {isa = PBXBuildFile; fileRef = 2C4E08F829798953002717B2 /* TabCoordinator.swift */; };
		2C4E09022979916D002717B2 /* TabBarPage.swift in Sources */ = {isa = PBXBuildFile; fileRef = 2C4E09012979916D002717B2 /* TabBarPage.swift */; };
		2C746031291A6A02006E1872 /* AppDelegate.swift in Sources */ = {isa = PBXBuildFile; fileRef = 2C746030291A6A02006E1872 /* AppDelegate.swift */; };
		2C746033291A6A02006E1872 /* SceneDelegate.swift in Sources */ = {isa = PBXBuildFile; fileRef = 2C746032291A6A02006E1872 /* SceneDelegate.swift */; };
		2C746035291A6A02006E1872 /* ViewController.swift in Sources */ = {isa = PBXBuildFile; fileRef = 2C746034291A6A02006E1872 /* ViewController.swift */; };
		2C74603B291A6A02006E1872 /* ZolotoyeSechenie.xcdatamodeld in Sources */ = {isa = PBXBuildFile; fileRef = 2C746039291A6A02006E1872 /* ZolotoyeSechenie.xcdatamodeld */; };
		2C74603D291A6A04006E1872 /* Assets.xcassets in Resources */ = {isa = PBXBuildFile; fileRef = 2C74603C291A6A04006E1872 /* Assets.xcassets */; };
		2C746040291A6A04006E1872 /* LaunchScreen.storyboard in Resources */ = {isa = PBXBuildFile; fileRef = 2C74603E291A6A04006E1872 /* LaunchScreen.storyboard */; };
		2C74604B291A6A04006E1872 /* ZolotoyeSechenieTests.swift in Sources */ = {isa = PBXBuildFile; fileRef = 2C74604A291A6A04006E1872 /* ZolotoyeSechenieTests.swift */; };
		2C746055291A6A04006E1872 /* ZolotoyeSechenieUITests.swift in Sources */ = {isa = PBXBuildFile; fileRef = 2C746054291A6A04006E1872 /* ZolotoyeSechenieUITests.swift */; };
		2C746057291A6A04006E1872 /* ZolotoyeSechenieUITestsLaunchTests.swift in Sources */ = {isa = PBXBuildFile; fileRef = 2C746056291A6A04006E1872 /* ZolotoyeSechenieUITestsLaunchTests.swift */; };
		2C9EFBB3297BAE98006DF273 /* ProductCell.swift in Sources */ = {isa = PBXBuildFile; fileRef = 2C9EFBB2297BAE98006DF273 /* ProductCell.swift */; };
/* End PBXBuildFile section */

/* Begin PBXContainerItemProxy section */
		2C746047291A6A04006E1872 /* PBXContainerItemProxy */ = {
			isa = PBXContainerItemProxy;
			containerPortal = 2C746025291A6A02006E1872 /* Project object */;
			proxyType = 1;
			remoteGlobalIDString = 2C74602C291A6A02006E1872;
			remoteInfo = ZolotoyeSechenie;
		};
		2C746051291A6A04006E1872 /* PBXContainerItemProxy */ = {
			isa = PBXContainerItemProxy;
			containerPortal = 2C746025291A6A02006E1872 /* Project object */;
			proxyType = 1;
			remoteGlobalIDString = 2C74602C291A6A02006E1872;
			remoteInfo = ZolotoyeSechenie;
		};
/* End PBXContainerItemProxy section */

/* Begin PBXFileReference section */
		2C260ADA297BB6F000771809 /* ProductCellViewModel.swift */ = {isa = PBXFileReference; lastKnownFileType = sourcecode.swift; path = ProductCellViewModel.swift; sourceTree = "<group>"; };
		2C260ADC297BB71300771809 /* Product.swift */ = {isa = PBXFileReference; lastKnownFileType = sourcecode.swift; path = Product.swift; sourceTree = "<group>"; };
		2C260ADF297BB73D00771809 /* HttpHelper.swift */ = {isa = PBXFileReference; lastKnownFileType = sourcecode.swift; path = HttpHelper.swift; sourceTree = "<group>"; };
		2C260AE2297BB76C00771809 /* ProductsService.swift */ = {isa = PBXFileReference; lastKnownFileType = sourcecode.swift; path = ProductsService.swift; sourceTree = "<group>"; };
		2C260AE4297BB79100771809 /* ProductViewModel.swift */ = {isa = PBXFileReference; lastKnownFileType = sourcecode.swift; path = ProductViewModel.swift; sourceTree = "<group>"; };
		2C260AE6297BB8D900771809 /* MockData.swift */ = {isa = PBXFileReference; lastKnownFileType = sourcecode.swift; path = MockData.swift; sourceTree = "<group>"; };
		2C260AE8297BBA3D00771809 /* AppSettings.swift */ = {isa = PBXFileReference; lastKnownFileType = sourcecode.swift; path = AppSettings.swift; sourceTree = "<group>"; };
		2C260AEA297C0C3C00771809 /* GenericCollectionCell.swift */ = {isa = PBXFileReference; lastKnownFileType = sourcecode.swift; path = GenericCollectionCell.swift; sourceTree = "<group>"; };
		2C260AED297C288D00771809 /* IconCollectionCell.swift */ = {isa = PBXFileReference; lastKnownFileType = sourcecode.swift; path = IconCollectionCell.swift; sourceTree = "<group>"; };
		2C260AF0297C28F900771809 /* IconCollectionView.swift */ = {isa = PBXFileReference; lastKnownFileType = sourcecode.swift; path = IconCollectionView.swift; sourceTree = "<group>"; };
		2C260AF2297C292600771809 /* GenericCollectionView.swift */ = {isa = PBXFileReference; lastKnownFileType = sourcecode.swift; path = GenericCollectionView.swift; sourceTree = "<group>"; };
		2C4E08E029797CBA002717B2 /* TabBarCoordinator.swift */ = {isa = PBXFileReference; lastKnownFileType = sourcecode.swift; path = TabBarCoordinator.swift; sourceTree = "<group>"; };
		2C4E08E229797CEA002717B2 /* AppCoordinator.swift */ = {isa = PBXFileReference; lastKnownFileType = sourcecode.swift; path = AppCoordinator.swift; sourceTree = "<group>"; };
		2C4E08E429797D06002717B2 /* Coordinator.swift */ = {isa = PBXFileReference; lastKnownFileType = sourcecode.swift; path = Coordinator.swift; sourceTree = "<group>"; };
		2C4E08E629797D4E002717B2 /* UINavigationController.swift */ = {isa = PBXFileReference; lastKnownFileType = sourcecode.swift; path = UINavigationController.swift; sourceTree = "<group>"; };
		2C4E08E829797D74002717B2 /* Constants.swift */ = {isa = PBXFileReference; lastKnownFileType = sourcecode.swift; path = Constants.swift; sourceTree = "<group>"; };
		2C4E08EA29797DFB002717B2 /* FeedViewController.swift */ = {isa = PBXFileReference; lastKnownFileType = sourcecode.swift; path = FeedViewController.swift; sourceTree = "<group>"; };
		2C4E08EC29797E2D002717B2 /* CartViewController.swift */ = {isa = PBXFileReference; lastKnownFileType = sourcecode.swift; path = CartViewController.swift; sourceTree = "<group>"; };
		2C4E08EE29797E57002717B2 /* SearchViewController.swift */ = {isa = PBXFileReference; lastKnownFileType = sourcecode.swift; path = SearchViewController.swift; sourceTree = "<group>"; };
		2C4E08F029797E91002717B2 /* NotificationsViewController.swift */ = {isa = PBXFileReference; lastKnownFileType = sourcecode.swift; path = NotificationsViewController.swift; sourceTree = "<group>"; };
		2C4E08F229797EF9002717B2 /* ProfileViewController.swift */ = {isa = PBXFileReference; lastKnownFileType = sourcecode.swift; path = ProfileViewController.swift; sourceTree = "<group>"; };
		2C4E08F4297988EB002717B2 /* SignInViewController.swift */ = {isa = PBXFileReference; lastKnownFileType = sourcecode.swift; path = SignInViewController.swift; sourceTree = "<group>"; };
		2C4E08F629798915002717B2 /* LoginCoordinator.swift */ = {isa = PBXFileReference; lastKnownFileType = sourcecode.swift; path = LoginCoordinator.swift; sourceTree = "<group>"; };
		2C4E08F829798953002717B2 /* TabCoordinator.swift */ = {isa = PBXFileReference; lastKnownFileType = sourcecode.swift; path = TabCoordinator.swift; sourceTree = "<group>"; };
		2C4E09012979916D002717B2 /* TabBarPage.swift */ = {isa = PBXFileReference; lastKnownFileType = sourcecode.swift; path = TabBarPage.swift; sourceTree = "<group>"; };
		2C74602D291A6A02006E1872 /* ZolotoyeSechenie.app */ = {isa = PBXFileReference; explicitFileType = wrapper.application; includeInIndex = 0; path = ZolotoyeSechenie.app; sourceTree = BUILT_PRODUCTS_DIR; };
		2C746030291A6A02006E1872 /* AppDelegate.swift */ = {isa = PBXFileReference; lastKnownFileType = sourcecode.swift; path = AppDelegate.swift; sourceTree = "<group>"; };
		2C746032291A6A02006E1872 /* SceneDelegate.swift */ = {isa = PBXFileReference; lastKnownFileType = sourcecode.swift; path = SceneDelegate.swift; sourceTree = "<group>"; };
		2C746034291A6A02006E1872 /* ViewController.swift */ = {isa = PBXFileReference; lastKnownFileType = sourcecode.swift; path = ViewController.swift; sourceTree = "<group>"; };
		2C74603A291A6A02006E1872 /* ZolotoyeSechenie.xcdatamodel */ = {isa = PBXFileReference; lastKnownFileType = wrapper.xcdatamodel; path = ZolotoyeSechenie.xcdatamodel; sourceTree = "<group>"; };
		2C74603C291A6A04006E1872 /* Assets.xcassets */ = {isa = PBXFileReference; lastKnownFileType = folder.assetcatalog; path = Assets.xcassets; sourceTree = "<group>"; };
		2C74603F291A6A04006E1872 /* Base */ = {isa = PBXFileReference; lastKnownFileType = file.storyboard; name = Base; path = Base.lproj/LaunchScreen.storyboard; sourceTree = "<group>"; };
		2C746041291A6A04006E1872 /* Info.plist */ = {isa = PBXFileReference; lastKnownFileType = text.plist.xml; path = Info.plist; sourceTree = "<group>"; };
		2C746046291A6A04006E1872 /* ZolotoyeSechenieTests.xctest */ = {isa = PBXFileReference; explicitFileType = wrapper.cfbundle; includeInIndex = 0; path = ZolotoyeSechenieTests.xctest; sourceTree = BUILT_PRODUCTS_DIR; };
		2C74604A291A6A04006E1872 /* ZolotoyeSechenieTests.swift */ = {isa = PBXFileReference; lastKnownFileType = sourcecode.swift; path = ZolotoyeSechenieTests.swift; sourceTree = "<group>"; };
		2C746050291A6A04006E1872 /* ZolotoyeSechenieUITests.xctest */ = {isa = PBXFileReference; explicitFileType = wrapper.cfbundle; includeInIndex = 0; path = ZolotoyeSechenieUITests.xctest; sourceTree = BUILT_PRODUCTS_DIR; };
		2C746054291A6A04006E1872 /* ZolotoyeSechenieUITests.swift */ = {isa = PBXFileReference; lastKnownFileType = sourcecode.swift; path = ZolotoyeSechenieUITests.swift; sourceTree = "<group>"; };
		2C746056291A6A04006E1872 /* ZolotoyeSechenieUITestsLaunchTests.swift */ = {isa = PBXFileReference; lastKnownFileType = sourcecode.swift; path = ZolotoyeSechenieUITestsLaunchTests.swift; sourceTree = "<group>"; };
		2C9EFBB2297BAE98006DF273 /* ProductCell.swift */ = {isa = PBXFileReference; lastKnownFileType = sourcecode.swift; path = ProductCell.swift; sourceTree = "<group>"; };
/* End PBXFileReference section */

/* Begin PBXFrameworksBuildPhase section */
		2C74602A291A6A02006E1872 /* Frameworks */ = {
			isa = PBXFrameworksBuildPhase;
			buildActionMask = 2147483647;
			files = (
				2C4E08DC2979797B002717B2 /* SnapKit in Frameworks */,
				2C4E08DF29797BED002717B2 /* ReSwift in Frameworks */,
			);
			runOnlyForDeploymentPostprocessing = 0;
		};
		2C746043291A6A04006E1872 /* Frameworks */ = {
			isa = PBXFrameworksBuildPhase;
			buildActionMask = 2147483647;
			files = (
			);
			runOnlyForDeploymentPostprocessing = 0;
		};
		2C74604D291A6A04006E1872 /* Frameworks */ = {
			isa = PBXFrameworksBuildPhase;
			buildActionMask = 2147483647;
			files = (
			);
			runOnlyForDeploymentPostprocessing = 0;
		};
/* End PBXFrameworksBuildPhase section */

/* Begin PBXGroup section */
		2C260ADE297BB72100771809 /* Helpers */ = {
			isa = PBXGroup;
			children = (
				2C260ADF297BB73D00771809 /* HttpHelper.swift */,
			);
			path = Helpers;
			sourceTree = "<group>";
		};
		2C260AE1297BB75800771809 /* Services */ = {
			isa = PBXGroup;
			children = (
				2C260AE2297BB76C00771809 /* ProductsService.swift */,
			);
			path = Services;
			sourceTree = "<group>";
		};
		2C260AEC297C286F00771809 /* Cells */ = {
			isa = PBXGroup;
			children = (
				2C9EFBB2297BAE98006DF273 /* ProductCell.swift */,
				2C260AEA297C0C3C00771809 /* GenericCollectionCell.swift */,
				2C260AED297C288D00771809 /* IconCollectionCell.swift */,
			);
			path = Cells;
			sourceTree = "<group>";
		};
		2C260AEF297C28B300771809 /* Custom Scroll Views */ = {
			isa = PBXGroup;
			children = (
				2C260AF0297C28F900771809 /* IconCollectionView.swift */,
				2C260AF2297C292600771809 /* GenericCollectionView.swift */,
			);
			path = "Custom Scroll Views";
			sourceTree = "<group>";
		};
		2C4E08FA29798F9A002717B2 /* View */ = {
			isa = PBXGroup;
			children = (
				2C4E08F229797EF9002717B2 /* ProfileViewController.swift */,
			);
			path = View;
			sourceTree = "<group>";
		};
		2C4E08FB29798FA5002717B2 /* View */ = {
			isa = PBXGroup;
			children = (
				2C4E08EE29797E57002717B2 /* SearchViewController.swift */,
			);
			path = View;
			sourceTree = "<group>";
		};
		2C4E08FC29798FAE002717B2 /* View */ = {
			isa = PBXGroup;
			children = (
				2C4E08EC29797E2D002717B2 /* CartViewController.swift */,
			);
			path = View;
			sourceTree = "<group>";
		};
		2C4E08FD29798FBA002717B2 /* View */ = {
			isa = PBXGroup;
			children = (
				2C260AEF297C28B300771809 /* Custom Scroll Views */,
				2C260AEC297C286F00771809 /* Cells */,
				2C4E08EA29797DFB002717B2 /* FeedViewController.swift */,
			);
			path = View;
			sourceTree = "<group>";
		};
		2C4E08FE29798FC1002717B2 /* View */ = {
			isa = PBXGroup;
			children = (
				2C4E08F029797E91002717B2 /* NotificationsViewController.swift */,
			);
			path = View;
			sourceTree = "<group>";
		};
		2C4E08FF2979908A002717B2 /* View */ = {
			isa = PBXGroup;
			children = (
				2C4E08F4297988EB002717B2 /* SignInViewController.swift */,
			);
			path = View;
			sourceTree = "<group>";
		};
		2C4E09002979911F002717B2 /* TabCoordinator */ = {
			isa = PBXGroup;
			children = (
				2C4E08E029797CBA002717B2 /* TabBarCoordinator.swift */,
				2C4E08F829798953002717B2 /* TabCoordinator.swift */,
				2C4E09012979916D002717B2 /* TabBarPage.swift */,
			);
			path = TabCoordinator;
			sourceTree = "<group>";
		};
		2C746024291A6A02006E1872 = {
			isa = PBXGroup;
			children = (
				2C74602F291A6A02006E1872 /* ZolotoyeSechenie */,
				2C746049291A6A04006E1872 /* ZolotoyeSechenieTests */,
				2C746053291A6A04006E1872 /* ZolotoyeSechenieUITests */,
				2C74602E291A6A02006E1872 /* Products */,
			);
			sourceTree = "<group>";
		};
		2C74602E291A6A02006E1872 /* Products */ = {
			isa = PBXGroup;
			children = (
				2C74602D291A6A02006E1872 /* ZolotoyeSechenie.app */,
				2C746046291A6A04006E1872 /* ZolotoyeSechenieTests.xctest */,
				2C746050291A6A04006E1872 /* ZolotoyeSechenieUITests.xctest */,
			);
			name = Products;
			sourceTree = "<group>";
		};
		2C74602F291A6A02006E1872 /* ZolotoyeSechenie */ = {
			isa = PBXGroup;
			children = (
				2C746063291A6D34006E1872 /* Models */,
				2C746066291A6D7E006E1872 /* Coordinators */,
				2C746064291A6D6B006E1872 /* Protocols */,
				2C74606B291A6DDE006E1872 /* Extensions */,
				2C260AE1297BB75800771809 /* Services */,
				2C260ADE297BB72100771809 /* Helpers */,
				2C74606A291A6DBF006E1872 /* Support */,
				2C746067291A6D98006E1872 /* Scenes */,
				2C746034291A6A02006E1872 /* ViewController.swift */,
				2C746068291A6D9F006E1872 /* Other */,
				2C746041291A6A04006E1872 /* Info.plist */,
			);
			path = ZolotoyeSechenie;
			sourceTree = "<group>";
		};
		2C746049291A6A04006E1872 /* ZolotoyeSechenieTests */ = {
			isa = PBXGroup;
			children = (
				2C74604A291A6A04006E1872 /* ZolotoyeSechenieTests.swift */,
			);
			path = ZolotoyeSechenieTests;
			sourceTree = "<group>";
		};
		2C746053291A6A04006E1872 /* ZolotoyeSechenieUITests */ = {
			isa = PBXGroup;
			children = (
				2C746054291A6A04006E1872 /* ZolotoyeSechenieUITests.swift */,
				2C746056291A6A04006E1872 /* ZolotoyeSechenieUITestsLaunchTests.swift */,
			);
			path = ZolotoyeSechenieUITests;
			sourceTree = "<group>";
		};
		2C746063291A6D34006E1872 /* Models */ = {
			isa = PBXGroup;
			children = (
			);
			path = Models;
			sourceTree = "<group>";
		};
		2C746064291A6D6B006E1872 /* Protocols */ = {
			isa = PBXGroup;
			children = (
			);
			path = Protocols;
			sourceTree = "<group>";
		};
		2C746066291A6D7E006E1872 /* Coordinators */ = {
			isa = PBXGroup;
			children = (
				2C4E08E429797D06002717B2 /* Coordinator.swift */,
				2C4E08E229797CEA002717B2 /* AppCoordinator.swift */,
				2C4E08F629798915002717B2 /* LoginCoordinator.swift */,
				2C4E09002979911F002717B2 /* TabCoordinator */,
			);
			path = Coordinators;
			sourceTree = "<group>";
		};
		2C746067291A6D98006E1872 /* Scenes */ = {
			isa = PBXGroup;
			children = (
				2C893CF72950E726007DF00C /* Product Details Screen */,
				2C893CF62950E6ED007DF00C /* Profile Screen */,
				2C893CF52950E6E5007DF00C /* Search Screen */,
				2C893CF42950E6D4007DF00C /* Cart Screen */,
				2C893CF32950E6C8007DF00C /* Feed Screen */,
				2C893CF82950E74B007DF00C /* Notifications Screen */,
				2C893CF22950E689007DF00C /* Sign In Screen */,
			);
			path = Scenes;
			sourceTree = "<group>";
		};
		2C746068291A6D9F006E1872 /* Other */ = {
			isa = PBXGroup;
			children = (
				2C746030291A6A02006E1872 /* AppDelegate.swift */,
				2C746032291A6A02006E1872 /* SceneDelegate.swift */,
				2C74603C291A6A04006E1872 /* Assets.xcassets */,
				2C74603E291A6A04006E1872 /* LaunchScreen.storyboard */,
				2C746039291A6A02006E1872 /* ZolotoyeSechenie.xcdatamodeld */,
			);
			path = Other;
			sourceTree = "<group>";
		};
		2C74606A291A6DBF006E1872 /* Support */ = {
			isa = PBXGroup;
			children = (
				2C4E08E829797D74002717B2 /* Constants.swift */,
				2C260AE8297BBA3D00771809 /* AppSettings.swift */,
				2C260AE6297BB8D900771809 /* MockData.swift */,
			);
			path = Support;
			sourceTree = "<group>";
		};
		2C74606B291A6DDE006E1872 /* Extensions */ = {
			isa = PBXGroup;
			children = (
				2C4E08E629797D4E002717B2 /* UINavigationController.swift */,
			);
			path = Extensions;
			sourceTree = "<group>";
		};
		2C893CF22950E689007DF00C /* Sign In Screen */ = {
			isa = PBXGroup;
			children = (
				2C4E08FF2979908A002717B2 /* View */,
			);
			path = "Sign In Screen";
			sourceTree = "<group>";
		};
		2C893CF32950E6C8007DF00C /* Feed Screen */ = {
			isa = PBXGroup;
			children = (
				2C9EFBAB2979AE4F006DF273 /* ViewModel */,
				2C9EFBAA2979AE49006DF273 /* Model */,
				2C4E08FD29798FBA002717B2 /* View */,
			);
			path = "Feed Screen";
			sourceTree = "<group>";
		};
		2C893CF42950E6D4007DF00C /* Cart Screen */ = {
			isa = PBXGroup;
			children = (
				2C4E08FC29798FAE002717B2 /* View */,
			);
			path = "Cart Screen";
			sourceTree = "<group>";
		};
		2C893CF52950E6E5007DF00C /* Search Screen */ = {
			isa = PBXGroup;
			children = (
				2C4E08FB29798FA5002717B2 /* View */,
			);
			path = "Search Screen";
			sourceTree = "<group>";
		};
		2C893CF62950E6ED007DF00C /* Profile Screen */ = {
			isa = PBXGroup;
			children = (
				2C4E08FA29798F9A002717B2 /* View */,
			);
			path = "Profile Screen";
			sourceTree = "<group>";
		};
		2C893CF72950E726007DF00C /* Product Details Screen */ = {
			isa = PBXGroup;
			children = (
			);
			path = "Product Details Screen";
			sourceTree = "<group>";
		};
		2C893CF82950E74B007DF00C /* Notifications Screen */ = {
			isa = PBXGroup;
			children = (
				2C4E08FE29798FC1002717B2 /* View */,
			);
			path = "Notifications Screen";
			sourceTree = "<group>";
		};
		2C9EFBAA2979AE49006DF273 /* Model */ = {
			isa = PBXGroup;
			children = (
				2C260ADC297BB71300771809 /* Product.swift */,
			);
			path = Model;
			sourceTree = "<group>";
		};
		2C9EFBAB2979AE4F006DF273 /* ViewModel */ = {
			isa = PBXGroup;
			children = (
				2C260ADA297BB6F000771809 /* ProductCellViewModel.swift */,
				2C260AE4297BB79100771809 /* ProductViewModel.swift */,
			);
			path = ViewModel;
			sourceTree = "<group>";
		};
/* End PBXGroup section */

/* Begin PBXNativeTarget section */
		2C74602C291A6A02006E1872 /* ZolotoyeSechenie */ = {
			isa = PBXNativeTarget;
			buildConfigurationList = 2C74605A291A6A04006E1872 /* Build configuration list for PBXNativeTarget "ZolotoyeSechenie" */;
			buildPhases = (
				2C746029291A6A02006E1872 /* Sources */,
				2C74602A291A6A02006E1872 /* Frameworks */,
				2C74602B291A6A02006E1872 /* Resources */,
			);
			buildRules = (
			);
			dependencies = (
			);
			name = ZolotoyeSechenie;
			packageProductDependencies = (
				2C4E08DB2979797B002717B2 /* SnapKit */,
				2C4E08DE29797BED002717B2 /* ReSwift */,
			);
			productName = ZolotoyeSechenie;
			productReference = 2C74602D291A6A02006E1872 /* ZolotoyeSechenie.app */;
			productType = "com.apple.product-type.application";
		};
		2C746045291A6A04006E1872 /* ZolotoyeSechenieTests */ = {
			isa = PBXNativeTarget;
			buildConfigurationList = 2C74605D291A6A04006E1872 /* Build configuration list for PBXNativeTarget "ZolotoyeSechenieTests" */;
			buildPhases = (
				2C746042291A6A04006E1872 /* Sources */,
				2C746043291A6A04006E1872 /* Frameworks */,
				2C746044291A6A04006E1872 /* Resources */,
			);
			buildRules = (
			);
			dependencies = (
				2C746048291A6A04006E1872 /* PBXTargetDependency */,
			);
			name = ZolotoyeSechenieTests;
			productName = ZolotoyeSechenieTests;
			productReference = 2C746046291A6A04006E1872 /* ZolotoyeSechenieTests.xctest */;
			productType = "com.apple.product-type.bundle.unit-test";
		};
		2C74604F291A6A04006E1872 /* ZolotoyeSechenieUITests */ = {
			isa = PBXNativeTarget;
			buildConfigurationList = 2C746060291A6A04006E1872 /* Build configuration list for PBXNativeTarget "ZolotoyeSechenieUITests" */;
			buildPhases = (
				2C74604C291A6A04006E1872 /* Sources */,
				2C74604D291A6A04006E1872 /* Frameworks */,
				2C74604E291A6A04006E1872 /* Resources */,
			);
			buildRules = (
			);
			dependencies = (
				2C746052291A6A04006E1872 /* PBXTargetDependency */,
			);
			name = ZolotoyeSechenieUITests;
			productName = ZolotoyeSechenieUITests;
			productReference = 2C746050291A6A04006E1872 /* ZolotoyeSechenieUITests.xctest */;
			productType = "com.apple.product-type.bundle.ui-testing";
		};
/* End PBXNativeTarget section */

/* Begin PBXProject section */
		2C746025291A6A02006E1872 /* Project object */ = {
			isa = PBXProject;
			attributes = {
				BuildIndependentTargetsInParallel = 1;
				LastSwiftUpdateCheck = 1400;
				LastUpgradeCheck = 1400;
				TargetAttributes = {
					2C74602C291A6A02006E1872 = {
						CreatedOnToolsVersion = 14.0.1;
					};
					2C746045291A6A04006E1872 = {
						CreatedOnToolsVersion = 14.0.1;
						TestTargetID = 2C74602C291A6A02006E1872;
					};
					2C74604F291A6A04006E1872 = {
						CreatedOnToolsVersion = 14.0.1;
						TestTargetID = 2C74602C291A6A02006E1872;
					};
				};
			};
			buildConfigurationList = 2C746028291A6A02006E1872 /* Build configuration list for PBXProject "ZolotoyeSechenie" */;
			compatibilityVersion = "Xcode 14.0";
			developmentRegion = en;
			hasScannedForEncodings = 0;
			knownRegions = (
				en,
				Base,
			);
			mainGroup = 2C746024291A6A02006E1872;
			packageReferences = (
				2C4E08DA2979797B002717B2 /* XCRemoteSwiftPackageReference "SnapKit" */,
				2C4E08DD29797BED002717B2 /* XCRemoteSwiftPackageReference "ReSwift" */,
			);
			productRefGroup = 2C74602E291A6A02006E1872 /* Products */;
			projectDirPath = "";
			projectRoot = "";
			targets = (
				2C74602C291A6A02006E1872 /* ZolotoyeSechenie */,
				2C746045291A6A04006E1872 /* ZolotoyeSechenieTests */,
				2C74604F291A6A04006E1872 /* ZolotoyeSechenieUITests */,
			);
		};
/* End PBXProject section */

/* Begin PBXResourcesBuildPhase section */
		2C74602B291A6A02006E1872 /* Resources */ = {
			isa = PBXResourcesBuildPhase;
			buildActionMask = 2147483647;
			files = (
				2C746040291A6A04006E1872 /* LaunchScreen.storyboard in Resources */,
				2C74603D291A6A04006E1872 /* Assets.xcassets in Resources */,
			);
			runOnlyForDeploymentPostprocessing = 0;
		};
		2C746044291A6A04006E1872 /* Resources */ = {
			isa = PBXResourcesBuildPhase;
			buildActionMask = 2147483647;
			files = (
			);
			runOnlyForDeploymentPostprocessing = 0;
		};
		2C74604E291A6A04006E1872 /* Resources */ = {
			isa = PBXResourcesBuildPhase;
			buildActionMask = 2147483647;
			files = (
			);
			runOnlyForDeploymentPostprocessing = 0;
		};
/* End PBXResourcesBuildPhase section */

/* Begin PBXSourcesBuildPhase section */
		2C746029291A6A02006E1872 /* Sources */ = {
			isa = PBXSourcesBuildPhase;
			buildActionMask = 2147483647;
			files = (
				2C260AEE297C288D00771809 /* IconCollectionCell.swift in Sources */,
				2C746035291A6A02006E1872 /* ViewController.swift in Sources */,
				2C260AE3297BB76C00771809 /* ProductsService.swift in Sources */,
				2C260AE7297BB8D900771809 /* MockData.swift in Sources */,
				2C4E08E729797D4E002717B2 /* UINavigationController.swift in Sources */,
				2C260ADD297BB71300771809 /* Product.swift in Sources */,
				2C4E08EB29797DFB002717B2 /* FeedViewController.swift in Sources */,
				2C4E08F5297988EB002717B2 /* SignInViewController.swift in Sources */,
				2C4E08F929798953002717B2 /* TabCoordinator.swift in Sources */,
				2C260AE5297BB79100771809 /* ProductViewModel.swift in Sources */,
				2C4E08F129797E91002717B2 /* NotificationsViewController.swift in Sources */,
				2C4E08F329797EF9002717B2 /* ProfileViewController.swift in Sources */,
				2C4E08E529797D06002717B2 /* Coordinator.swift in Sources */,
				2C4E08E129797CBA002717B2 /* TabBarCoordinator.swift in Sources */,
				2C260AF1297C28F900771809 /* IconCollectionView.swift in Sources */,
				2C260AE0297BB73D00771809 /* HttpHelper.swift in Sources */,
				2C746031291A6A02006E1872 /* AppDelegate.swift in Sources */,
				2C4E08EF29797E57002717B2 /* SearchViewController.swift in Sources */,
				2C260AF3297C292600771809 /* GenericCollectionView.swift in Sources */,
				2C74603B291A6A02006E1872 /* ZolotoyeSechenie.xcdatamodeld in Sources */,
				2C260ADB297BB6F000771809 /* ProductCellViewModel.swift in Sources */,
				2C4E08ED29797E2D002717B2 /* CartViewController.swift in Sources */,
				2C4E08E329797CEA002717B2 /* AppCoordinator.swift in Sources */,
				2C4E09022979916D002717B2 /* TabBarPage.swift in Sources */,
				2C746033291A6A02006E1872 /* SceneDelegate.swift in Sources */,
				2C260AE9297BBA3D00771809 /* AppSettings.swift in Sources */,
				2C9EFBB3297BAE98006DF273 /* ProductCell.swift in Sources */,
				2C4E08F729798915002717B2 /* LoginCoordinator.swift in Sources */,
				2C260AEB297C0C3C00771809 /* GenericCollectionCell.swift in Sources */,
				2C4E08E929797D74002717B2 /* Constants.swift in Sources */,
			);
			runOnlyForDeploymentPostprocessing = 0;
		};
		2C746042291A6A04006E1872 /* Sources */ = {
			isa = PBXSourcesBuildPhase;
			buildActionMask = 2147483647;
			files = (
				2C74604B291A6A04006E1872 /* ZolotoyeSechenieTests.swift in Sources */,
			);
			runOnlyForDeploymentPostprocessing = 0;
		};
		2C74604C291A6A04006E1872 /* Sources */ = {
			isa = PBXSourcesBuildPhase;
			buildActionMask = 2147483647;
			files = (
				2C746055291A6A04006E1872 /* ZolotoyeSechenieUITests.swift in Sources */,
				2C746057291A6A04006E1872 /* ZolotoyeSechenieUITestsLaunchTests.swift in Sources */,
			);
			runOnlyForDeploymentPostprocessing = 0;
		};
/* End PBXSourcesBuildPhase section */

/* Begin PBXTargetDependency section */
		2C746048291A6A04006E1872 /* PBXTargetDependency */ = {
			isa = PBXTargetDependency;
			target = 2C74602C291A6A02006E1872 /* ZolotoyeSechenie */;
			targetProxy = 2C746047291A6A04006E1872 /* PBXContainerItemProxy */;
		};
		2C746052291A6A04006E1872 /* PBXTargetDependency */ = {
			isa = PBXTargetDependency;
			target = 2C74602C291A6A02006E1872 /* ZolotoyeSechenie */;
			targetProxy = 2C746051291A6A04006E1872 /* PBXContainerItemProxy */;
		};
/* End PBXTargetDependency section */

/* Begin PBXVariantGroup section */
		2C74603E291A6A04006E1872 /* LaunchScreen.storyboard */ = {
			isa = PBXVariantGroup;
			children = (
				2C74603F291A6A04006E1872 /* Base */,
			);
			name = LaunchScreen.storyboard;
			sourceTree = "<group>";
		};
/* End PBXVariantGroup section */

/* Begin XCBuildConfiguration section */
		2C746058291A6A04006E1872 /* Debug */ = {
			isa = XCBuildConfiguration;
			buildSettings = {
				ALWAYS_SEARCH_USER_PATHS = NO;
				CLANG_ANALYZER_NONNULL = YES;
				CLANG_ANALYZER_NUMBER_OBJECT_CONVERSION = YES_AGGRESSIVE;
				CLANG_CXX_LANGUAGE_STANDARD = "gnu++20";
				CLANG_ENABLE_MODULES = YES;
				CLANG_ENABLE_OBJC_ARC = YES;
				CLANG_ENABLE_OBJC_WEAK = YES;
				CLANG_WARN_BLOCK_CAPTURE_AUTORELEASING = YES;
				CLANG_WARN_BOOL_CONVERSION = YES;
				CLANG_WARN_COMMA = YES;
				CLANG_WARN_CONSTANT_CONVERSION = YES;
				CLANG_WARN_DEPRECATED_OBJC_IMPLEMENTATIONS = YES;
				CLANG_WARN_DIRECT_OBJC_ISA_USAGE = YES_ERROR;
				CLANG_WARN_DOCUMENTATION_COMMENTS = YES;
				CLANG_WARN_EMPTY_BODY = YES;
				CLANG_WARN_ENUM_CONVERSION = YES;
				CLANG_WARN_INFINITE_RECURSION = YES;
				CLANG_WARN_INT_CONVERSION = YES;
				CLANG_WARN_NON_LITERAL_NULL_CONVERSION = YES;
				CLANG_WARN_OBJC_IMPLICIT_RETAIN_SELF = YES;
				CLANG_WARN_OBJC_LITERAL_CONVERSION = YES;
				CLANG_WARN_OBJC_ROOT_CLASS = YES_ERROR;
				CLANG_WARN_QUOTED_INCLUDE_IN_FRAMEWORK_HEADER = YES;
				CLANG_WARN_RANGE_LOOP_ANALYSIS = YES;
				CLANG_WARN_STRICT_PROTOTYPES = YES;
				CLANG_WARN_SUSPICIOUS_MOVE = YES;
				CLANG_WARN_UNGUARDED_AVAILABILITY = YES_AGGRESSIVE;
				CLANG_WARN_UNREACHABLE_CODE = YES;
				CLANG_WARN__DUPLICATE_METHOD_MATCH = YES;
				COPY_PHASE_STRIP = NO;
				DEBUG_INFORMATION_FORMAT = dwarf;
				ENABLE_STRICT_OBJC_MSGSEND = YES;
				ENABLE_TESTABILITY = YES;
				GCC_C_LANGUAGE_STANDARD = gnu11;
				GCC_DYNAMIC_NO_PIC = NO;
				GCC_NO_COMMON_BLOCKS = YES;
				GCC_OPTIMIZATION_LEVEL = 0;
				GCC_PREPROCESSOR_DEFINITIONS = (
					"DEBUG=1",
					"$(inherited)",
				);
				GCC_WARN_64_TO_32_BIT_CONVERSION = YES;
				GCC_WARN_ABOUT_RETURN_TYPE = YES_ERROR;
				GCC_WARN_UNDECLARED_SELECTOR = YES;
				GCC_WARN_UNINITIALIZED_AUTOS = YES_AGGRESSIVE;
				GCC_WARN_UNUSED_FUNCTION = YES;
				GCC_WARN_UNUSED_VARIABLE = YES;
				IPHONEOS_DEPLOYMENT_TARGET = 16.0;
				MTL_ENABLE_DEBUG_INFO = INCLUDE_SOURCE;
				MTL_FAST_MATH = YES;
				ONLY_ACTIVE_ARCH = YES;
				SDKROOT = iphoneos;
				SWIFT_ACTIVE_COMPILATION_CONDITIONS = DEBUG;
				SWIFT_OPTIMIZATION_LEVEL = "-Onone";
			};
			name = Debug;
		};
		2C746059291A6A04006E1872 /* Release */ = {
			isa = XCBuildConfiguration;
			buildSettings = {
				ALWAYS_SEARCH_USER_PATHS = NO;
				CLANG_ANALYZER_NONNULL = YES;
				CLANG_ANALYZER_NUMBER_OBJECT_CONVERSION = YES_AGGRESSIVE;
				CLANG_CXX_LANGUAGE_STANDARD = "gnu++20";
				CLANG_ENABLE_MODULES = YES;
				CLANG_ENABLE_OBJC_ARC = YES;
				CLANG_ENABLE_OBJC_WEAK = YES;
				CLANG_WARN_BLOCK_CAPTURE_AUTORELEASING = YES;
				CLANG_WARN_BOOL_CONVERSION = YES;
				CLANG_WARN_COMMA = YES;
				CLANG_WARN_CONSTANT_CONVERSION = YES;
				CLANG_WARN_DEPRECATED_OBJC_IMPLEMENTATIONS = YES;
				CLANG_WARN_DIRECT_OBJC_ISA_USAGE = YES_ERROR;
				CLANG_WARN_DOCUMENTATION_COMMENTS = YES;
				CLANG_WARN_EMPTY_BODY = YES;
				CLANG_WARN_ENUM_CONVERSION = YES;
				CLANG_WARN_INFINITE_RECURSION = YES;
				CLANG_WARN_INT_CONVERSION = YES;
				CLANG_WARN_NON_LITERAL_NULL_CONVERSION = YES;
				CLANG_WARN_OBJC_IMPLICIT_RETAIN_SELF = YES;
				CLANG_WARN_OBJC_LITERAL_CONVERSION = YES;
				CLANG_WARN_OBJC_ROOT_CLASS = YES_ERROR;
				CLANG_WARN_QUOTED_INCLUDE_IN_FRAMEWORK_HEADER = YES;
				CLANG_WARN_RANGE_LOOP_ANALYSIS = YES;
				CLANG_WARN_STRICT_PROTOTYPES = YES;
				CLANG_WARN_SUSPICIOUS_MOVE = YES;
				CLANG_WARN_UNGUARDED_AVAILABILITY = YES_AGGRESSIVE;
				CLANG_WARN_UNREACHABLE_CODE = YES;
				CLANG_WARN__DUPLICATE_METHOD_MATCH = YES;
				COPY_PHASE_STRIP = NO;
				DEBUG_INFORMATION_FORMAT = "dwarf-with-dsym";
				ENABLE_NS_ASSERTIONS = NO;
				ENABLE_STRICT_OBJC_MSGSEND = YES;
				GCC_C_LANGUAGE_STANDARD = gnu11;
				GCC_NO_COMMON_BLOCKS = YES;
				GCC_WARN_64_TO_32_BIT_CONVERSION = YES;
				GCC_WARN_ABOUT_RETURN_TYPE = YES_ERROR;
				GCC_WARN_UNDECLARED_SELECTOR = YES;
				GCC_WARN_UNINITIALIZED_AUTOS = YES_AGGRESSIVE;
				GCC_WARN_UNUSED_FUNCTION = YES;
				GCC_WARN_UNUSED_VARIABLE = YES;
				IPHONEOS_DEPLOYMENT_TARGET = 16.0;
				MTL_ENABLE_DEBUG_INFO = NO;
				MTL_FAST_MATH = YES;
				SDKROOT = iphoneos;
				SWIFT_COMPILATION_MODE = wholemodule;
				SWIFT_OPTIMIZATION_LEVEL = "-O";
				VALIDATE_PRODUCT = YES;
			};
			name = Release;
		};
		2C74605B291A6A04006E1872 /* Debug */ = {
			isa = XCBuildConfiguration;
			buildSettings = {
				ASSETCATALOG_COMPILER_APPICON_NAME = AppIcon;
				ASSETCATALOG_COMPILER_GLOBAL_ACCENT_COLOR_NAME = AccentColor;
				CODE_SIGN_STYLE = Automatic;
				CURRENT_PROJECT_VERSION = 1;
				DEVELOPMENT_TEAM = 35953V9L7K;
				GENERATE_INFOPLIST_FILE = YES;
				INFOPLIST_FILE = ZolotoyeSechenie/Info.plist;
				INFOPLIST_KEY_UIApplicationSupportsIndirectInputEvents = YES;
				INFOPLIST_KEY_UILaunchStoryboardName = LaunchScreen;
				INFOPLIST_KEY_UIStatusBarStyle = "";
				INFOPLIST_KEY_UISupportedInterfaceOrientations = UIInterfaceOrientationPortrait;
				INFOPLIST_KEY_UISupportedInterfaceOrientations_iPad = "UIInterfaceOrientationLandscapeLeft UIInterfaceOrientationLandscapeRight UIInterfaceOrientationPortrait UIInterfaceOrientationPortraitUpsideDown";
				IPHONEOS_DEPLOYMENT_TARGET = 13.0;
				LD_RUNPATH_SEARCH_PATHS = (
					"$(inherited)",
					"@executable_path/Frameworks",
				);
				MARKETING_VERSION = 1.0;
				PRODUCT_BUNDLE_IDENTIFIER = com.ulGord.ZolotoyeSechenie;
				PRODUCT_NAME = "$(TARGET_NAME)";
				SUPPORTED_PLATFORMS = "iphoneos iphonesimulator";
				SUPPORTS_MACCATALYST = NO;
				SUPPORTS_MAC_DESIGNED_FOR_IPHONE_IPAD = NO;
				SWIFT_EMIT_LOC_STRINGS = YES;
				SWIFT_VERSION = 5.0;
				TARGETED_DEVICE_FAMILY = 1;
			};
			name = Debug;
		};
		2C74605C291A6A04006E1872 /* Release */ = {
			isa = XCBuildConfiguration;
			buildSettings = {
				ASSETCATALOG_COMPILER_APPICON_NAME = AppIcon;
				ASSETCATALOG_COMPILER_GLOBAL_ACCENT_COLOR_NAME = AccentColor;
				CODE_SIGN_STYLE = Automatic;
				CURRENT_PROJECT_VERSION = 1;
				DEVELOPMENT_TEAM = 35953V9L7K;
				GENERATE_INFOPLIST_FILE = YES;
				INFOPLIST_FILE = ZolotoyeSechenie/Info.plist;
				INFOPLIST_KEY_UIApplicationSupportsIndirectInputEvents = YES;
				INFOPLIST_KEY_UILaunchStoryboardName = LaunchScreen;
				INFOPLIST_KEY_UIStatusBarStyle = "";
				INFOPLIST_KEY_UISupportedInterfaceOrientations = UIInterfaceOrientationPortrait;
				INFOPLIST_KEY_UISupportedInterfaceOrientations_iPad = "UIInterfaceOrientationLandscapeLeft UIInterfaceOrientationLandscapeRight UIInterfaceOrientationPortrait UIInterfaceOrientationPortraitUpsideDown";
				IPHONEOS_DEPLOYMENT_TARGET = 13.0;
				LD_RUNPATH_SEARCH_PATHS = (
					"$(inherited)",
					"@executable_path/Frameworks",
				);
				MARKETING_VERSION = 1.0;
				PRODUCT_BUNDLE_IDENTIFIER = com.ulGord.ZolotoyeSechenie;
				PRODUCT_NAME = "$(TARGET_NAME)";
				SUPPORTED_PLATFORMS = "iphoneos iphonesimulator";
				SUPPORTS_MACCATALYST = NO;
				SUPPORTS_MAC_DESIGNED_FOR_IPHONE_IPAD = NO;
				SWIFT_EMIT_LOC_STRINGS = YES;
				SWIFT_VERSION = 5.0;
				TARGETED_DEVICE_FAMILY = 1;
			};
			name = Release;
		};
		2C74605E291A6A04006E1872 /* Debug */ = {
			isa = XCBuildConfiguration;
			buildSettings = {
				ALWAYS_EMBED_SWIFT_STANDARD_LIBRARIES = YES;
				BUNDLE_LOADER = "$(TEST_HOST)";
				CODE_SIGN_STYLE = Automatic;
				CURRENT_PROJECT_VERSION = 1;
				DEVELOPMENT_TEAM = 35953V9L7K;
				GENERATE_INFOPLIST_FILE = YES;
				IPHONEOS_DEPLOYMENT_TARGET = 16.0;
				MARKETING_VERSION = 1.0;
				PRODUCT_BUNDLE_IDENTIFIER = com.ulGord.ZolotoyeSechenieTests;
				PRODUCT_NAME = "$(TARGET_NAME)";
				SWIFT_EMIT_LOC_STRINGS = NO;
				SWIFT_VERSION = 5.0;
				TARGETED_DEVICE_FAMILY = "1,2";
				TEST_HOST = "$(BUILT_PRODUCTS_DIR)/ZolotoyeSechenie.app/$(BUNDLE_EXECUTABLE_FOLDER_PATH)/ZolotoyeSechenie";
			};
			name = Debug;
		};
		2C74605F291A6A04006E1872 /* Release */ = {
			isa = XCBuildConfiguration;
			buildSettings = {
				ALWAYS_EMBED_SWIFT_STANDARD_LIBRARIES = YES;
				BUNDLE_LOADER = "$(TEST_HOST)";
				CODE_SIGN_STYLE = Automatic;
				CURRENT_PROJECT_VERSION = 1;
				DEVELOPMENT_TEAM = 35953V9L7K;
				GENERATE_INFOPLIST_FILE = YES;
				IPHONEOS_DEPLOYMENT_TARGET = 16.0;
				MARKETING_VERSION = 1.0;
				PRODUCT_BUNDLE_IDENTIFIER = com.ulGord.ZolotoyeSechenieTests;
				PRODUCT_NAME = "$(TARGET_NAME)";
				SWIFT_EMIT_LOC_STRINGS = NO;
				SWIFT_VERSION = 5.0;
				TARGETED_DEVICE_FAMILY = "1,2";
				TEST_HOST = "$(BUILT_PRODUCTS_DIR)/ZolotoyeSechenie.app/$(BUNDLE_EXECUTABLE_FOLDER_PATH)/ZolotoyeSechenie";
			};
			name = Release;
		};
		2C746061291A6A04006E1872 /* Debug */ = {
			isa = XCBuildConfiguration;
			buildSettings = {
				ALWAYS_EMBED_SWIFT_STANDARD_LIBRARIES = YES;
				CODE_SIGN_STYLE = Automatic;
				CURRENT_PROJECT_VERSION = 1;
				DEVELOPMENT_TEAM = 35953V9L7K;
				GENERATE_INFOPLIST_FILE = YES;
				MARKETING_VERSION = 1.0;
				PRODUCT_BUNDLE_IDENTIFIER = com.ulGord.ZolotoyeSechenieUITests;
				PRODUCT_NAME = "$(TARGET_NAME)";
				SWIFT_EMIT_LOC_STRINGS = NO;
				SWIFT_VERSION = 5.0;
				TARGETED_DEVICE_FAMILY = "1,2";
				TEST_TARGET_NAME = ZolotoyeSechenie;
			};
			name = Debug;
		};
		2C746062291A6A04006E1872 /* Release */ = {
			isa = XCBuildConfiguration;
			buildSettings = {
				ALWAYS_EMBED_SWIFT_STANDARD_LIBRARIES = YES;
				CODE_SIGN_STYLE = Automatic;
				CURRENT_PROJECT_VERSION = 1;
				DEVELOPMENT_TEAM = 35953V9L7K;
				GENERATE_INFOPLIST_FILE = YES;
				MARKETING_VERSION = 1.0;
				PRODUCT_BUNDLE_IDENTIFIER = com.ulGord.ZolotoyeSechenieUITests;
				PRODUCT_NAME = "$(TARGET_NAME)";
				SWIFT_EMIT_LOC_STRINGS = NO;
				SWIFT_VERSION = 5.0;
				TARGETED_DEVICE_FAMILY = "1,2";
				TEST_TARGET_NAME = ZolotoyeSechenie;
			};
			name = Release;
		};
/* End XCBuildConfiguration section */

/* Begin XCConfigurationList section */
		2C746028291A6A02006E1872 /* Build configuration list for PBXProject "ZolotoyeSechenie" */ = {
			isa = XCConfigurationList;
			buildConfigurations = (
				2C746058291A6A04006E1872 /* Debug */,
				2C746059291A6A04006E1872 /* Release */,
			);
			defaultConfigurationIsVisible = 0;
			defaultConfigurationName = Release;
		};
		2C74605A291A6A04006E1872 /* Build configuration list for PBXNativeTarget "ZolotoyeSechenie" */ = {
			isa = XCConfigurationList;
			buildConfigurations = (
				2C74605B291A6A04006E1872 /* Debug */,
				2C74605C291A6A04006E1872 /* Release */,
			);
			defaultConfigurationIsVisible = 0;
			defaultConfigurationName = Release;
		};
		2C74605D291A6A04006E1872 /* Build configuration list for PBXNativeTarget "ZolotoyeSechenieTests" */ = {
			isa = XCConfigurationList;
			buildConfigurations = (
				2C74605E291A6A04006E1872 /* Debug */,
				2C74605F291A6A04006E1872 /* Release */,
			);
			defaultConfigurationIsVisible = 0;
			defaultConfigurationName = Release;
		};
		2C746060291A6A04006E1872 /* Build configuration list for PBXNativeTarget "ZolotoyeSechenieUITests" */ = {
			isa = XCConfigurationList;
			buildConfigurations = (
				2C746061291A6A04006E1872 /* Debug */,
				2C746062291A6A04006E1872 /* Release */,
			);
			defaultConfigurationIsVisible = 0;
			defaultConfigurationName = Release;
		};
/* End XCConfigurationList section */

/* Begin XCRemoteSwiftPackageReference section */
		2C4E08DA2979797B002717B2 /* XCRemoteSwiftPackageReference "SnapKit" */ = {
			isa = XCRemoteSwiftPackageReference;
			repositoryURL = "https://github.com/SnapKit/SnapKit.git";
			requirement = {
				kind = upToNextMajorVersion;
				minimumVersion = 5.0.0;
			};
		};
		2C4E08DD29797BED002717B2 /* XCRemoteSwiftPackageReference "ReSwift" */ = {
			isa = XCRemoteSwiftPackageReference;
			repositoryURL = "https://github.com/ReSwift/ReSwift.git";
			requirement = {
				kind = upToNextMajorVersion;
				minimumVersion = 6.0.0;
			};
		};
/* End XCRemoteSwiftPackageReference section */

/* Begin XCSwiftPackageProductDependency section */
		2C4E08DB2979797B002717B2 /* SnapKit */ = {
			isa = XCSwiftPackageProductDependency;
			package = 2C4E08DA2979797B002717B2 /* XCRemoteSwiftPackageReference "SnapKit" */;
			productName = SnapKit;
		};
		2C4E08DE29797BED002717B2 /* ReSwift */ = {
			isa = XCSwiftPackageProductDependency;
			package = 2C4E08DD29797BED002717B2 /* XCRemoteSwiftPackageReference "ReSwift" */;
			productName = ReSwift;
		};
/* End XCSwiftPackageProductDependency section */

/* Begin XCVersionGroup section */
		2C746039291A6A02006E1872 /* ZolotoyeSechenie.xcdatamodeld */ = {
			isa = XCVersionGroup;
			children = (
				2C74603A291A6A02006E1872 /* ZolotoyeSechenie.xcdatamodel */,
			);
			currentVersion = 2C74603A291A6A02006E1872 /* ZolotoyeSechenie.xcdatamodel */;
			path = ZolotoyeSechenie.xcdatamodeld;
			sourceTree = "<group>";
			versionGroupType = wrapper.xcdatamodel;
		};
/* End XCVersionGroup section */
	};
	rootObject = 2C746025291A6A02006E1872 /* Project object */;
}
